// !$*UTF8*$!
{
	archiveVersion = 1;
	classes = {
	};
	objectVersion = 50;
	objects = {

/* Begin PBXBuildFile section */
		47697E077FFF5FD58A597113 /* Pods_MatchMadeInHeavenApp.framework in Frameworks */ = {isa = PBXBuildFile; fileRef = A815751817849668B317850E /* Pods_MatchMadeInHeavenApp.framework */; };
		D5144A4A22BA6A5500672130 /* birthChart.c in Sources */ = {isa = PBXBuildFile; fileRef = D5144A4922BA6A5500672130 /* birthChart.c */; };
		D55288CA22B90BF3009CF353 /* AppDelegate.swift in Sources */ = {isa = PBXBuildFile; fileRef = D55288C922B90BF3009CF353 /* AppDelegate.swift */; };
		D55288CC22B90BF3009CF353 /* ViewController.swift in Sources */ = {isa = PBXBuildFile; fileRef = D55288CB22B90BF3009CF353 /* ViewController.swift */; };
		D55288CF22B90BF3009CF353 /* Main.storyboard in Resources */ = {isa = PBXBuildFile; fileRef = D55288CD22B90BF3009CF353 /* Main.storyboard */; };
		D55288D222B90BF3009CF353 /* MatchMadeInHeavenApp.xcdatamodeld in Sources */ = {isa = PBXBuildFile; fileRef = D55288D022B90BF3009CF353 /* MatchMadeInHeavenApp.xcdatamodeld */; };
		D55288D422B90BF6009CF353 /* Assets.xcassets in Resources */ = {isa = PBXBuildFile; fileRef = D55288D322B90BF6009CF353 /* Assets.xcassets */; };
		D55288D722B90BF6009CF353 /* LaunchScreen.storyboard in Resources */ = {isa = PBXBuildFile; fileRef = D55288D522B90BF6009CF353 /* LaunchScreen.storyboard */; };
		D57FD10E22CEF7D900607DF9 /* Ephemerides in Resources */ = {isa = PBXBuildFile; fileRef = D57FD10D22CEF7D900607DF9 /* Ephemerides */; };
		D5BC9E7E22DD6016006F5BC6 /* Results.swift in Sources */ = {isa = PBXBuildFile; fileRef = D5BC9E7D22DD6016006F5BC6 /* Results.swift */; };
/* End PBXBuildFile section */

/* Begin PBXFileReference section */
		535E8AD0514A4BCFF5875B77 /* Pods-MatchMadeInHeavenApp.release.xcconfig */ = {isa = PBXFileReference; includeInIndex = 1; lastKnownFileType = text.xcconfig; name = "Pods-MatchMadeInHeavenApp.release.xcconfig"; path = "Target Support Files/Pods-MatchMadeInHeavenApp/Pods-MatchMadeInHeavenApp.release.xcconfig"; sourceTree = "<group>"; };
		8C954AB970349CFD23B4A7F2 /* Pods-MatchMadeInHeavenApp.debug.xcconfig */ = {isa = PBXFileReference; includeInIndex = 1; lastKnownFileType = text.xcconfig; name = "Pods-MatchMadeInHeavenApp.debug.xcconfig"; path = "Target Support Files/Pods-MatchMadeInHeavenApp/Pods-MatchMadeInHeavenApp.debug.xcconfig"; sourceTree = "<group>"; };
		A815751817849668B317850E /* Pods_MatchMadeInHeavenApp.framework */ = {isa = PBXFileReference; explicitFileType = wrapper.framework; includeInIndex = 0; path = Pods_MatchMadeInHeavenApp.framework; sourceTree = BUILT_PRODUCTS_DIR; };
		D5144A4522BA65AB00672130 /* Bridger.h */ = {isa = PBXFileReference; lastKnownFileType = sourcecode.c.h; path = Bridger.h; sourceTree = "<group>"; };
		D5144A4822BA6A5500672130 /* birthChart.h */ = {isa = PBXFileReference; lastKnownFileType = sourcecode.c.h; path = birthChart.h; sourceTree = "<group>"; };
		D5144A4922BA6A5500672130 /* birthChart.c */ = {isa = PBXFileReference; lastKnownFileType = sourcecode.c.c; path = birthChart.c; sourceTree = "<group>"; };
		D55288C622B90BF3009CF353 /* MatchMadeInHeavenApp.app */ = {isa = PBXFileReference; explicitFileType = wrapper.application; includeInIndex = 0; path = MatchMadeInHeavenApp.app; sourceTree = BUILT_PRODUCTS_DIR; };
		D55288C922B90BF3009CF353 /* AppDelegate.swift */ = {isa = PBXFileReference; lastKnownFileType = sourcecode.swift; path = AppDelegate.swift; sourceTree = "<group>"; };
		D55288CB22B90BF3009CF353 /* ViewController.swift */ = {isa = PBXFileReference; lastKnownFileType = sourcecode.swift; path = ViewController.swift; sourceTree = "<group>"; };
		D55288CE22B90BF3009CF353 /* Base */ = {isa = PBXFileReference; lastKnownFileType = file.storyboard; name = Base; path = Base.lproj/Main.storyboard; sourceTree = "<group>"; };
		D55288D122B90BF3009CF353 /* MatchMadeInHeavenApp.xcdatamodel */ = {isa = PBXFileReference; lastKnownFileType = wrapper.xcdatamodel; path = MatchMadeInHeavenApp.xcdatamodel; sourceTree = "<group>"; };
		D55288D322B90BF6009CF353 /* Assets.xcassets */ = {isa = PBXFileReference; lastKnownFileType = folder.assetcatalog; path = Assets.xcassets; sourceTree = "<group>"; };
		D55288D622B90BF6009CF353 /* Base */ = {isa = PBXFileReference; lastKnownFileType = file.storyboard; name = Base; path = Base.lproj/LaunchScreen.storyboard; sourceTree = "<group>"; };
		D55288D822B90BF6009CF353 /* Info.plist */ = {isa = PBXFileReference; lastKnownFileType = text.plist.xml; path = Info.plist; sourceTree = "<group>"; };
		D57FD10D22CEF7D900607DF9 /* Ephemerides */ = {isa = PBXFileReference; lastKnownFileType = folder; path = Ephemerides; sourceTree = "<group>"; };
		D5BC9E7D22DD6016006F5BC6 /* Results.swift */ = {isa = PBXFileReference; fileEncoding = 4; lastKnownFileType = sourcecode.swift; path = Results.swift; sourceTree = "<group>"; };
/* End PBXFileReference section */

/* Begin PBXFrameworksBuildPhase section */
		D55288C322B90BF3009CF353 /* Frameworks */ = {
			isa = PBXFrameworksBuildPhase;
			buildActionMask = 2147483647;
			files = (
				47697E077FFF5FD58A597113 /* Pods_MatchMadeInHeavenApp.framework in Frameworks */,
			);
			runOnlyForDeploymentPostprocessing = 0;
		};
/* End PBXFrameworksBuildPhase section */

/* Begin PBXGroup section */
		55DE16568B7436B1AEEE9896 /* Frameworks */ = {
			isa = PBXGroup;
			children = (
				A815751817849668B317850E /* Pods_MatchMadeInHeavenApp.framework */,
			);
			name = Frameworks;
			sourceTree = "<group>";
		};
		9F93707E27AE4C91DDD01C69 /* Pods */ = {
			isa = PBXGroup;
			children = (
				8C954AB970349CFD23B4A7F2 /* Pods-MatchMadeInHeavenApp.debug.xcconfig */,
				535E8AD0514A4BCFF5875B77 /* Pods-MatchMadeInHeavenApp.release.xcconfig */,
			);
			path = Pods;
			sourceTree = "<group>";
		};
		D55288BD22B90BF3009CF353 = {
			isa = PBXGroup;
			children = (
				D55288C822B90BF3009CF353 /* MatchMadeInHeavenApp */,
				D55288C722B90BF3009CF353 /* Products */,
				9F93707E27AE4C91DDD01C69 /* Pods */,
				55DE16568B7436B1AEEE9896 /* Frameworks */,
			);
			sourceTree = "<group>";
		};
		D55288C722B90BF3009CF353 /* Products */ = {
			isa = PBXGroup;
			children = (
				D55288C622B90BF3009CF353 /* MatchMadeInHeavenApp.app */,
			);
			name = Products;
			sourceTree = "<group>";
		};
		D55288C822B90BF3009CF353 /* MatchMadeInHeavenApp */ = {
			isa = PBXGroup;
			children = (
				D57FD10D22CEF7D900607DF9 /* Ephemerides */,
				D55288C922B90BF3009CF353 /* AppDelegate.swift */,
				D5BC9E7D22DD6016006F5BC6 /* Results.swift */,
				D55288CB22B90BF3009CF353 /* ViewController.swift */,
				D55288CD22B90BF3009CF353 /* Main.storyboard */,
				D55288D322B90BF6009CF353 /* Assets.xcassets */,
				D55288D522B90BF6009CF353 /* LaunchScreen.storyboard */,
				D55288D822B90BF6009CF353 /* Info.plist */,
				D55288D022B90BF3009CF353 /* MatchMadeInHeavenApp.xcdatamodeld */,
				D5144A4522BA65AB00672130 /* Bridger.h */,
				D5144A4822BA6A5500672130 /* birthChart.h */,
				D5144A4922BA6A5500672130 /* birthChart.c */,
			);
			path = MatchMadeInHeavenApp;
			sourceTree = "<group>";
		};
/* End PBXGroup section */

/* Begin PBXNativeTarget section */
		D55288C522B90BF3009CF353 /* MatchMadeInHeavenApp */ = {
			isa = PBXNativeTarget;
			buildConfigurationList = D55288DB22B90BF6009CF353 /* Build configuration list for PBXNativeTarget "MatchMadeInHeavenApp" */;
			buildPhases = (
				0DC44EFD6747B9357A026D26 /* [CP] Check Pods Manifest.lock */,
				D55288C222B90BF3009CF353 /* Sources */,
				D55288C322B90BF3009CF353 /* Frameworks */,
				D55288C422B90BF3009CF353 /* Resources */,
				24CF7575D697C8AABCC6B1C8 /* [CP] Copy Pods Resources */,
			);
			buildRules = (
			);
			dependencies = (
			);
			name = MatchMadeInHeavenApp;
			productName = MatchMadeInHeavenApp;
			productReference = D55288C622B90BF3009CF353 /* MatchMadeInHeavenApp.app */;
			productType = "com.apple.product-type.application";
		};
/* End PBXNativeTarget section */

/* Begin PBXProject section */
		D55288BE22B90BF3009CF353 /* Project object */ = {
			isa = PBXProject;
			attributes = {
				LastSwiftUpdateCheck = 1020;
				LastUpgradeCheck = 1020;
				ORGANIZATIONNAME = "Edward Sotelo Jr";
				TargetAttributes = {
					D55288C522B90BF3009CF353 = {
						CreatedOnToolsVersion = 10.2.1;
						LastSwiftMigration = 1020;
					};
				};
			};
			buildConfigurationList = D55288C122B90BF3009CF353 /* Build configuration list for PBXProject "MatchMadeInHeavenApp" */;
			compatibilityVersion = "Xcode 9.3";
			developmentRegion = en;
			hasScannedForEncodings = 0;
			knownRegions = (
				en,
				Base,
			);
			mainGroup = D55288BD22B90BF3009CF353;
			productRefGroup = D55288C722B90BF3009CF353 /* Products */;
			projectDirPath = "";
			projectRoot = "";
			targets = (
				D55288C522B90BF3009CF353 /* MatchMadeInHeavenApp */,
			);
		};
/* End PBXProject section */

/* Begin PBXResourcesBuildPhase section */
		D55288C422B90BF3009CF353 /* Resources */ = {
			isa = PBXResourcesBuildPhase;
			buildActionMask = 2147483647;
			files = (
				D55288D722B90BF6009CF353 /* LaunchScreen.storyboard in Resources */,
				D55288D422B90BF6009CF353 /* Assets.xcassets in Resources */,
				D57FD10E22CEF7D900607DF9 /* Ephemerides in Resources */,
				D55288CF22B90BF3009CF353 /* Main.storyboard in Resources */,
			);
			runOnlyForDeploymentPostprocessing = 0;
		};
/* End PBXResourcesBuildPhase section */

/* Begin PBXShellScriptBuildPhase section */
		0DC44EFD6747B9357A026D26 /* [CP] Check Pods Manifest.lock */ = {
			isa = PBXShellScriptBuildPhase;
			buildActionMask = 2147483647;
			files = (
			);
			inputFileListPaths = (
			);
			inputPaths = (
				"${PODS_PODFILE_DIR_PATH}/Podfile.lock",
				"${PODS_ROOT}/Manifest.lock",
			);
			name = "[CP] Check Pods Manifest.lock";
			outputFileListPaths = (
			);
			outputPaths = (
				"$(DERIVED_FILE_DIR)/Pods-MatchMadeInHeavenApp-checkManifestLockResult.txt",
			);
			runOnlyForDeploymentPostprocessing = 0;
			shellPath = /bin/sh;
			shellScript = "diff \"${PODS_PODFILE_DIR_PATH}/Podfile.lock\" \"${PODS_ROOT}/Manifest.lock\" > /dev/null\nif [ $? != 0 ] ; then\n    # print error to STDERR\n    echo \"error: The sandbox is not in sync with the Podfile.lock. Run 'pod install' or update your CocoaPods installation.\" >&2\n    exit 1\nfi\n# This output is used by Xcode 'outputs' to avoid re-running this script phase.\necho \"SUCCESS\" > \"${SCRIPT_OUTPUT_FILE_0}\"\n";
			showEnvVarsInLog = 0;
		};
		24CF7575D697C8AABCC6B1C8 /* [CP] Copy Pods Resources */ = {
			isa = PBXShellScriptBuildPhase;
			buildActionMask = 2147483647;
			files = (
			);
			inputFileListPaths = (
			);
			inputPaths = (
				"${PODS_ROOT}/Target Support Files/Pods-MatchMadeInHeavenApp/Pods-MatchMadeInHeavenApp-resources.sh",
				"${PODS_ROOT}/GooglePlaces/Frameworks/GooglePlaces.framework/Resources/GooglePlaces.bundle",
			);
			name = "[CP] Copy Pods Resources";
			outputFileListPaths = (
			);
			outputPaths = (
				"${TARGET_BUILD_DIR}/${UNLOCALIZED_RESOURCES_FOLDER_PATH}/GooglePlaces.bundle",
			);
			runOnlyForDeploymentPostprocessing = 0;
			shellPath = /bin/sh;
			shellScript = "\"${PODS_ROOT}/Target Support Files/Pods-MatchMadeInHeavenApp/Pods-MatchMadeInHeavenApp-resources.sh\"\n";
			showEnvVarsInLog = 0;
		};
/* End PBXShellScriptBuildPhase section */

/* Begin PBXSourcesBuildPhase section */
		D55288C222B90BF3009CF353 /* Sources */ = {
			isa = PBXSourcesBuildPhase;
			buildActionMask = 2147483647;
			files = (
				D5BC9E7E22DD6016006F5BC6 /* Results.swift in Sources */,
				D5144A4A22BA6A5500672130 /* birthChart.c in Sources */,
				D55288CC22B90BF3009CF353 /* ViewController.swift in Sources */,
				D55288CA22B90BF3009CF353 /* AppDelegate.swift in Sources */,
				D55288D222B90BF3009CF353 /* MatchMadeInHeavenApp.xcdatamodeld in Sources */,
			);
			runOnlyForDeploymentPostprocessing = 0;
		};
/* End PBXSourcesBuildPhase section */

/* Begin PBXVariantGroup section */
		D55288CD22B90BF3009CF353 /* Main.storyboard */ = {
			isa = PBXVariantGroup;
			children = (
				D55288CE22B90BF3009CF353 /* Base */,
			);
			name = Main.storyboard;
			sourceTree = "<group>";
		};
		D55288D522B90BF6009CF353 /* LaunchScreen.storyboard */ = {
			isa = PBXVariantGroup;
			children = (
				D55288D622B90BF6009CF353 /* Base */,
			);
			name = LaunchScreen.storyboard;
			sourceTree = "<group>";
		};
/* End PBXVariantGroup section */

/* Begin XCBuildConfiguration section */
		D55288D922B90BF6009CF353 /* Debug */ = {
			isa = XCBuildConfiguration;
			buildSettings = {
				ALWAYS_SEARCH_USER_PATHS = NO;
				CLANG_ANALYZER_NONNULL = YES;
				CLANG_ANALYZER_NUMBER_OBJECT_CONVERSION = YES_AGGRESSIVE;
				CLANG_CXX_LANGUAGE_STANDARD = "gnu++14";
				CLANG_CXX_LIBRARY = "libc++";
				CLANG_ENABLE_MODULES = YES;
				CLANG_ENABLE_OBJC_ARC = YES;
				CLANG_ENABLE_OBJC_WEAK = YES;
				CLANG_WARN_BLOCK_CAPTURE_AUTORELEASING = YES;
				CLANG_WARN_BOOL_CONVERSION = YES;
				CLANG_WARN_COMMA = YES;
				CLANG_WARN_CONSTANT_CONVERSION = YES;
				CLANG_WARN_DEPRECATED_OBJC_IMPLEMENTATIONS = YES;
				CLANG_WARN_DIRECT_OBJC_ISA_USAGE = YES_ERROR;
				CLANG_WARN_DOCUMENTATION_COMMENTS = YES;
				CLANG_WARN_EMPTY_BODY = YES;
				CLANG_WARN_ENUM_CONVERSION = YES;
				CLANG_WARN_INFINITE_RECURSION = YES;
				CLANG_WARN_INT_CONVERSION = YES;
				CLANG_WARN_NON_LITERAL_NULL_CONVERSION = YES;
				CLANG_WARN_OBJC_IMPLICIT_RETAIN_SELF = YES;
				CLANG_WARN_OBJC_LITERAL_CONVERSION = YES;
				CLANG_WARN_OBJC_ROOT_CLASS = YES_ERROR;
				CLANG_WARN_RANGE_LOOP_ANALYSIS = YES;
				CLANG_WARN_STRICT_PROTOTYPES = YES;
				CLANG_WARN_SUSPICIOUS_MOVE = YES;
				CLANG_WARN_UNGUARDED_AVAILABILITY = YES_AGGRESSIVE;
				CLANG_WARN_UNREACHABLE_CODE = YES;
				CLANG_WARN__DUPLICATE_METHOD_MATCH = YES;
				CODE_SIGN_IDENTITY = "iPhone Developer";
				COPY_PHASE_STRIP = NO;
				DEBUG_INFORMATION_FORMAT = dwarf;
				ENABLE_STRICT_OBJC_MSGSEND = YES;
				ENABLE_TESTABILITY = YES;
				GCC_C_LANGUAGE_STANDARD = gnu11;
				GCC_DYNAMIC_NO_PIC = NO;
				GCC_NO_COMMON_BLOCKS = YES;
				GCC_OPTIMIZATION_LEVEL = 0;
				GCC_PREPROCESSOR_DEFINITIONS = (
					"DEBUG=1",
					"$(inherited)",
				);
				GCC_WARN_64_TO_32_BIT_CONVERSION = YES;
				GCC_WARN_ABOUT_RETURN_TYPE = YES_ERROR;
				GCC_WARN_UNDECLARED_SELECTOR = YES;
				GCC_WARN_UNINITIALIZED_AUTOS = YES_AGGRESSIVE;
				GCC_WARN_UNUSED_FUNCTION = YES;
				GCC_WARN_UNUSED_VARIABLE = YES;
				IPHONEOS_DEPLOYMENT_TARGET = 12.2;
				MTL_ENABLE_DEBUG_INFO = INCLUDE_SOURCE;
				MTL_FAST_MATH = YES;
				ONLY_ACTIVE_ARCH = YES;
				SDKROOT = iphoneos;
				SWIFT_ACTIVE_COMPILATION_CONDITIONS = DEBUG;
				SWIFT_OPTIMIZATION_LEVEL = "-Onone";
			};
			name = Debug;
		};
		D55288DA22B90BF6009CF353 /* Release */ = {
			isa = XCBuildConfiguration;
			buildSettings = {
				ALWAYS_SEARCH_USER_PATHS = NO;
				CLANG_ANALYZER_NONNULL = YES;
				CLANG_ANALYZER_NUMBER_OBJECT_CONVERSION = YES_AGGRESSIVE;
				CLANG_CXX_LANGUAGE_STANDARD = "gnu++14";
				CLANG_CXX_LIBRARY = "libc++";
				CLANG_ENABLE_MODULES = YES;
				CLANG_ENABLE_OBJC_ARC = YES;
				CLANG_ENABLE_OBJC_WEAK = YES;
				CLANG_WARN_BLOCK_CAPTURE_AUTORELEASING = YES;
				CLANG_WARN_BOOL_CONVERSION = YES;
				CLANG_WARN_COMMA = YES;
				CLANG_WARN_CONSTANT_CONVERSION = YES;
				CLANG_WARN_DEPRECATED_OBJC_IMPLEMENTATIONS = YES;
				CLANG_WARN_DIRECT_OBJC_ISA_USAGE = YES_ERROR;
				CLANG_WARN_DOCUMENTATION_COMMENTS = YES;
				CLANG_WARN_EMPTY_BODY = YES;
				CLANG_WARN_ENUM_CONVERSION = YES;
				CLANG_WARN_INFINITE_RECURSION = YES;
				CLANG_WARN_INT_CONVERSION = YES;
				CLANG_WARN_NON_LITERAL_NULL_CONVERSION = YES;
				CLANG_WARN_OBJC_IMPLICIT_RETAIN_SELF = YES;
				CLANG_WARN_OBJC_LITERAL_CONVERSION = YES;
				CLANG_WARN_OBJC_ROOT_CLASS = YES_ERROR;
				CLANG_WARN_RANGE_LOOP_ANALYSIS = YES;
				CLANG_WARN_STRICT_PROTOTYPES = YES;
				CLANG_WARN_SUSPICIOUS_MOVE = YES;
				CLANG_WARN_UNGUARDED_AVAILABILITY = YES_AGGRESSIVE;
				CLANG_WARN_UNREACHABLE_CODE = YES;
				CLANG_WARN__DUPLICATE_METHOD_MATCH = YES;
				CODE_SIGN_IDENTITY = "iPhone Developer";
				COPY_PHASE_STRIP = NO;
				DEBUG_INFORMATION_FORMAT = "dwarf-with-dsym";
				ENABLE_NS_ASSERTIONS = NO;
				ENABLE_STRICT_OBJC_MSGSEND = YES;
				GCC_C_LANGUAGE_STANDARD = gnu11;
				GCC_NO_COMMON_BLOCKS = YES;
				GCC_WARN_64_TO_32_BIT_CONVERSION = YES;
				GCC_WARN_ABOUT_RETURN_TYPE = YES_ERROR;
				GCC_WARN_UNDECLARED_SELECTOR = YES;
				GCC_WARN_UNINITIALIZED_AUTOS = YES_AGGRESSIVE;
				GCC_WARN_UNUSED_FUNCTION = YES;
				GCC_WARN_UNUSED_VARIABLE = YES;
				IPHONEOS_DEPLOYMENT_TARGET = 12.2;
				MTL_ENABLE_DEBUG_INFO = NO;
				MTL_FAST_MATH = YES;
				SDKROOT = iphoneos;
				SWIFT_COMPILATION_MODE = wholemodule;
				SWIFT_OPTIMIZATION_LEVEL = "-O";
				VALIDATE_PRODUCT = YES;
			};
			name = Release;
		};
		D55288DC22B90BF6009CF353 /* Debug */ = {
			isa = XCBuildConfiguration;
			baseConfigurationReference = 8C954AB970349CFD23B4A7F2 /* Pods-MatchMadeInHeavenApp.debug.xcconfig */;
			buildSettings = {
				ASSETCATALOG_COMPILER_APPICON_NAME = AppIcon;
				CLANG_ENABLE_MODULES = YES;
				CODE_SIGN_STYLE = Automatic;
				DEVELOPMENT_TEAM = 47BS437XF5;
				INFOPLIST_FILE = MatchMadeInHeavenApp/Info.plist;
				LD_RUNPATH_SEARCH_PATHS = (
					"$(inherited)",
					"@executable_path/Frameworks",
				);
				PRODUCT_BUNDLE_IDENTIFIER = Edward.MatchMadeInHeavenApp;
				PRODUCT_NAME = "$(TARGET_NAME)";
				SWIFT_OBJC_BRIDGING_HEADER = MatchMadeInHeavenApp/Bridger.h;
				SWIFT_OPTIMIZATION_LEVEL = "-Onone";
				SWIFT_VERSION = 5.0;
				TARGETED_DEVICE_FAMILY = "1,2";
			};
			name = Debug;
		};
		D55288DD22B90BF6009CF353 /* Release */ = {
			isa = XCBuildConfiguration;
			baseConfigurationReference = 535E8AD0514A4BCFF5875B77 /* Pods-MatchMadeInHeavenApp.release.xcconfig */;
			buildSettings = {
				ASSETCATALOG_COMPILER_APPICON_NAME = AppIcon;
				CLANG_ENABLE_MODULES = YES;
				CODE_SIGN_STYLE = Automatic;
				DEVELOPMENT_TEAM = 47BS437XF5;
				INFOPLIST_FILE = MatchMadeInHeavenApp/Info.plist;
				LD_RUNPATH_SEARCH_PATHS = (
					"$(inherited)",
					"@executable_path/Frameworks",
				);
				PRODUCT_BUNDLE_IDENTIFIER = Edward.MatchMadeInHeavenApp;
				PRODUCT_NAME = "$(TARGET_NAME)";
				SWIFT_OBJC_BRIDGING_HEADER = MatchMadeInHeavenApp/Bridger.h;
				SWIFT_VERSION = 5.0;
				TARGETED_DEVICE_FAMILY = "1,2";
			};
			name = Release;
		};
/* End XCBuildConfiguration section */

/* Begin XCConfigurationList section */
		D55288C122B90BF3009CF353 /* Build configuration list for PBXProject "MatchMadeInHeavenApp" */ = {
			isa = XCConfigurationList;
			buildConfigurations = (
				D55288D922B90BF6009CF353 /* Debug */,
				D55288DA22B90BF6009CF353 /* Release */,
			);
			defaultConfigurationIsVisible = 0;
			defaultConfigurationName = Release;
		};
		D55288DB22B90BF6009CF353 /* Build configuration list for PBXNativeTarget "MatchMadeInHeavenApp" */ = {
			isa = XCConfigurationList;
			buildConfigurations = (
				D55288DC22B90BF6009CF353 /* Debug */,
				D55288DD22B90BF6009CF353 /* Release */,
			);
			defaultConfigurationIsVisible = 0;
			defaultConfigurationName = Release;
		};
/* End XCConfigurationList section */

/* Begin XCVersionGroup section */
		D55288D022B90BF3009CF353 /* MatchMadeInHeavenApp.xcdatamodeld */ = {
			isa = XCVersionGroup;
			children = (
				D55288D122B90BF3009CF353 /* MatchMadeInHeavenApp.xcdatamodel */,
			);
			currentVersion = D55288D122B90BF3009CF353 /* MatchMadeInHeavenApp.xcdatamodel */;
			path = MatchMadeInHeavenApp.xcdatamodeld;
			sourceTree = "<group>";
			versionGroupType = wrapper.xcdatamodel;
		};
/* End XCVersionGroup section */
	};
	rootObject = D55288BE22B90BF3009CF353 /* Project object */;
}
